
Microsoft Visual Studio Solution File, Format Version 12.00
# Visual Studio Version 17
VisualStudioVersion = 17.1.32421.90
MinimumVisualStudioVersion = 10.0.40219.1
Project("{FAE04EC0-301F-11D3-BF4B-00C04F79EFBC}") = "forum-api", "forum-api.csproj", "{858AD50C-5901-4604-B3FC-C07DA5637E47}"
EndProject
Project("{FAE04EC0-301F-11D3-BF4B-00C04F79EFBC}") = "forum-apiTests", "..\forum-apiTests\forum-apiTests.csproj", "{4841EE31-4205-4CE9-B63F-4FB5A327BE37}"
EndProject
Global
	GlobalSection(SolutionConfigurationPlatforms) = preSolution
		Debug|Any CPU = Debug|Any CPU
		Release|Any CPU = Release|Any CPU
	EndGlobalSection
	GlobalSection(ProjectConfigurationPlatforms) = postSolution
		{858AD50C-5901-4604-B3FC-C07DA5637E47}.Debug|Any CPU.ActiveCfg = Debug|Any CPU
		{858AD50C-5901-4604-B3FC-C07DA5637E47}.Debug|Any CPU.Build.0 = Debug|Any CPU
		{858AD50C-5901-4604-B3FC-C07DA5637E47}.Release|Any CPU.ActiveCfg = Release|Any CPU
		{858AD50C-5901-4604-B3FC-C07DA5637E47}.Release|Any CPU.Build.0 = Release|Any CPU
		{4841EE31-4205-4CE9-B63F-4FB5A327BE37}.Debug|Any CPU.ActiveCfg = Debug|Any CPU
		{4841EE31-4205-4CE9-B63F-4FB5A327BE37}.Debug|Any CPU.Build.0 = Debug|Any CPU
		{4841EE31-4205-4CE9-B63F-4FB5A327BE37}.Release|Any CPU.ActiveCfg = Release|Any CPU
		{4841EE31-4205-4CE9-B63F-4FB5A327BE37}.Release|Any CPU.Build.0 = Release|Any CPU
	EndGlobalSection
	GlobalSection(SolutionProperties) = preSolution
		HideSolutionNode = FALSE
	EndGlobalSection
	GlobalSection(ExtensibilityGlobals) = postSolution
		SolutionGuid = {7DF646ED-6CE4-4BE6-8487-5C3442E73357}
	EndGlobalSection
EndGlobal
